# This is a Gradle generated file for dependency locking.
# Manual edits can break the build and are not advised.
# This file is expected to be part of source control.
# To regenerate this file, run: ./gradlew :lottie-preview-runtime:dependencies --write-locks
androidx.annotation:annotation-jvm:1.9.1=compileClasspath,runtimeClasspath
androidx.annotation:annotation:1.9.1=compileClasspath,runtimeClasspath
androidx.arch.core:core-common:2.2.0=compileClasspath,runtimeClasspath
androidx.collection:collection-jvm:1.5.0=compileClasspath,runtimeClasspath
androidx.collection:collection:1.5.0=compileClasspath,runtimeClasspath
androidx.compose.runtime:runtime-annotation-jvm:1.11.2=compileClasspath,runtimeClasspath
androidx.compose.runtime:runtime-annotation:1.11.2=compileClasspath,runtimeClasspath
androidx.compose.runtime:runtime-desktop:1.11.2=compileClasspath,runtimeClasspath
androidx.compose.runtime:runtime-retain-desktop:1.11.2=compileClasspath,runtimeClasspath
androidx.compose.runtime:runtime-retain:1.11.2=compileClasspath,runtimeClasspath
androidx.compose.runtime:runtime-saveable-desktop:1.11.2=compileClasspath,runtimeClasspath
androidx.compose.runtime:runtime-saveable:1.11.2=compileClasspath,runtimeClasspath
androidx.compose.runtime:runtime:1.11.2=compileClasspath,runtimeClasspath
androidx.lifecycle:lifecycle-common-jvm:2.9.4=compileClasspath,runtimeClasspath
androidx.lifecycle:lifecycle-common:2.9.4=compileClasspath,runtimeClasspath
androidx.lifecycle:lifecycle-runtime-compose-desktop:2.9.4=compileClasspath,runtimeClasspath
androidx.lifecycle:lifecycle-runtime-compose:2.9.4=compileClasspath,runtimeClasspath
androidx.lifecycle:lifecycle-runtime-desktop:2.9.4=compileClasspath,runtimeClasspath
androidx.lifecycle:lifecycle-runtime:2.9.4=compileClasspath,runtimeClasspath
androidx.lifecycle:lifecycle-viewmodel-desktop:2.9.4=runtimeClasspath
androidx.lifecycle:lifecycle-viewmodel-savedstate-desktop:2.9.4=runtimeClasspath
androidx.lifecycle:lifecycle-viewmodel-savedstate:2.9.4=runtimeClasspath
androidx.lifecycle:lifecycle-viewmodel:2.9.4=runtimeClasspath
androidx.navigationevent:navigationevent-desktop:1.0.1=runtimeClasspath
androidx.navigationevent:navigationevent:1.0.1=runtimeClasspath
androidx.savedstate:savedstate-compose-desktop:1.4.0=compileClasspath,runtimeClasspath
androidx.savedstate:savedstate-compose:1.4.0=compileClasspath,runtimeClasspath
androidx.savedstate:savedstate-desktop:1.4.0=compileClasspath,runtimeClasspath
androidx.savedstate:savedstate:1.4.0=compileClasspath,runtimeClasspath
com.squareup.okio:okio-jvm:3.16.4=runtimeClasspath
com.squareup.okio:okio:3.16.4=runtimeClasspath
io.github.alexzhirkevich:compottie-core-desktop:2.2.4=compileClasspath,runtimeClasspath
io.github.alexzhirkevich:compottie-core:2.2.4=compileClasspath,runtimeClasspath
io.github.alexzhirkevich:compottie-desktop:2.2.4=compileClasspath,runtimeClasspath
io.github.alexzhirkevich:compottie:2.2.4=compileClasspath,runtimeClasspath
io.github.alexzhirkevich:keight-core-jvm:0.0.05=compileClasspath,runtimeClasspath
io.github.alexzhirkevich:keight-core:0.0.05=compileClasspath,runtimeClasspath
io.github.alexzhirkevich:keight-jvm:0.0.05=runtimeClasspath
io.github.alexzhirkevich:keight:0.0.05=runtimeClasspath
org.jetbrains.androidx.lifecycle:lifecycle-common:2.9.6=compileClasspath,runtimeClasspath
org.jetbrains.androidx.lifecycle:lifecycle-runtime-compose-desktop:2.9.6=compileClasspath,runtimeClasspath
org.jetbrains.androidx.lifecycle:lifecycle-runtime-compose:2.9.6=compileClasspath,runtimeClasspath
org.jetbrains.androidx.lifecycle:lifecycle-runtime:2.9.6=compileClasspath,runtimeClasspath
org.jetbrains.androidx.lifecycle:lifecycle-viewmodel-savedstate:2.9.6=runtimeClasspath
org.jetbrains.androidx.lifecycle:lifecycle-viewmodel:2.9.6=runtimeClasspath
org.jetbrains.androidx.savedstate:savedstate-compose-desktop:1.3.6=compileClasspath,runtimeClasspath
org.jetbrains.androidx.savedstate:savedstate-compose:1.3.6=compileClasspath,runtimeClasspath
org.jetbrains.androidx.savedstate:savedstate:1.3.6=compileClasspath,runtimeClasspath
org.jetbrains.compose.animation:animation-core-desktop:1.11.1=compileClasspath,runtimeClasspath
org.jetbrains.compose.animation:animation-core:1.11.1=compileClasspath,runtimeClasspath
org.jetbrains.compose.animation:animation-desktop:1.11.1=compileClasspath,runtimeClasspath
org.jetbrains.compose.animation:animation:1.11.1=compileClasspath,runtimeClasspath
org.jetbrains.compose.foundation:foundation-desktop:1.11.1=compileClasspath,runtimeClasspath
org.jetbrains.compose.foundation:foundation-layout-desktop:1.11.1=compileClasspath,runtimeClasspath
org.jetbrains.compose.foundation:foundation-layout:1.11.1=compileClasspath,runtimeClasspath
org.jetbrains.compose.foundation:foundation:1.11.1=compileClasspath,runtimeClasspath
org.jetbrains.compose.runtime:runtime-desktop:1.11.1=compileClasspath,runtimeClasspath
org.jetbrains.compose.runtime:runtime-saveable-desktop:1.11.1=compileClasspath,runtimeClasspath
org.jetbrains.compose.runtime:runtime-saveable:1.11.1=compileClasspath,runtimeClasspath
org.jetbrains.compose.runtime:runtime:1.11.1=compileClasspath,runtimeClasspath
org.jetbrains.compose.ui:ui-backhandler-desktop:1.11.1=runtimeClasspath
org.jetbrains.compose.ui:ui-backhandler:1.11.1=runtimeClasspath
org.jetbrains.compose.ui:ui-desktop:1.11.1=compileClasspath,runtimeClasspath
org.jetbrains.compose.ui:ui-geometry-desktop:1.11.1=compileClasspath,runtimeClasspath
org.jetbrains.compose.ui:ui-geometry:1.11.1=compileClasspath,runtimeClasspath
org.jetbrains.compose.ui:ui-graphics-desktop:1.11.1=compileClasspath,runtimeClasspath
org.jetbrains.compose.ui:ui-graphics:1.11.1=compileClasspath,runtimeClasspath
org.jetbrains.compose.ui:ui-text-desktop:1.11.1=compileClasspath,runtimeClasspath
org.jetbrains.compose.ui:ui-text:1.11.1=compileClasspath,runtimeClasspath
org.jetbrains.compose.ui:ui-unit-desktop:1.11.1=compileClasspath,runtimeClasspath
org.jetbrains.compose.ui:ui-unit:1.11.1=compileClasspath,runtimeClasspath
org.jetbrains.compose.ui:ui-util-desktop:1.11.1=compileClasspath,runtimeClasspath
org.jetbrains.compose.ui:ui-util:1.11.1=compileClasspath,runtimeClasspath
org.jetbrains.compose.ui:ui:1.11.1=compileClasspath,runtimeClasspath
org.jetbrains.kotlin:kotlin-stdlib:2.4.10=compileClasspath,runtimeClasspath
org.jetbrains.kotlinx:atomicfu-jvm:0.28.0=runtimeClasspath
org.jetbrains.kotlinx:atomicfu:0.28.0=runtimeClasspath
org.jetbrains.kotlinx:kotlinx-coroutines-bom:1.9.0=compileClasspath,runtimeClasspath
org.jetbrains.kotlinx:kotlinx-coroutines-core-jvm:1.9.0=compileClasspath,runtimeClasspath
org.jetbrains.kotlinx:kotlinx-coroutines-core:1.9.0=compileClasspath,runtimeClasspath
org.jetbrains.kotlinx:kotlinx-datetime-jvm:0.7.1=compileClasspath,runtimeClasspath
org.jetbrains.kotlinx:kotlinx-datetime:0.7.1=compileClasspath,runtimeClasspath
org.jetbrains.kotlinx:kotlinx-serialization-bom:1.7.3=compileClasspath
org.jetbrains.kotlinx:kotlinx-serialization-bom:1.9.0=runtimeClasspath
org.jetbrains.kotlinx:kotlinx-serialization-core-jvm:1.7.3=compileClasspath
org.jetbrains.kotlinx:kotlinx-serialization-core-jvm:1.9.0=runtimeClasspath
org.jetbrains.kotlinx:kotlinx-serialization-core:1.7.3=compileClasspath
org.jetbrains.kotlinx:kotlinx-serialization-core:1.9.0=runtimeClasspath
org.jetbrains.kotlinx:kotlinx-serialization-json-jvm:1.9.0=runtimeClasspath
org.jetbrains.kotlinx:kotlinx-serialization-json:1.9.0=runtimeClasspath
org.jetbrains.runtime:jbr-api:1.9.0=runtimeClasspath
org.jetbrains.skiko:skiko-awt:0.144.6=compileClasspath,runtimeClasspath
org.jetbrains.skiko:skiko:0.144.6=compileClasspath,runtimeClasspath
org.jetbrains:annotations:26.1.0=compileClasspath,runtimeClasspath
org.jspecify:jspecify:1.0.0=compileClasspath,runtimeClasspath
empty=
