# This is a Gradle generated file for dependency locking.
# Manual edits can break the build and are not advised.
# This file is expected to be part of source control.
# To regenerate this file, run: ./gradlew :renderer-android:dependencies --write-locks
androidx.activity:activity-compose:1.13.0=releaseCompileClasspath
androidx.activity:activity-ktx:1.7.0=releaseRuntimeClasspath
androidx.activity:activity:1.13.0=releaseCompileClasspath
androidx.activity:activity:1.7.0=releaseRuntimeClasspath
androidx.annotation:annotation-experimental:1.4.1=releaseCompileClasspath,releaseRuntimeClasspath
androidx.annotation:annotation-jvm:1.10.0=releaseRuntimeClasspath
androidx.annotation:annotation-jvm:1.9.1=releaseCompileClasspath
androidx.annotation:annotation:1.10.0=releaseRuntimeClasspath
androidx.annotation:annotation:1.9.1=releaseCompileClasspath
androidx.appcompat:appcompat-resources:1.1.0=releaseRuntimeClasspath
androidx.appcompat:appcompat:1.1.0=releaseRuntimeClasspath
androidx.arch.core:core-common:2.2.0=releaseCompileClasspath,releaseRuntimeClasspath
androidx.arch.core:core-runtime:2.2.0=releaseRuntimeClasspath
androidx.autofill:autofill:1.0.0=releaseRuntimeClasspath
androidx.cardview:cardview:1.0.0=releaseRuntimeClasspath
androidx.collection:collection-jvm:1.5.0=releaseCompileClasspath,releaseRuntimeClasspath
androidx.collection:collection-ktx:1.5.0=releaseCompileClasspath,releaseRuntimeClasspath
androidx.collection:collection:1.5.0=releaseCompileClasspath,releaseRuntimeClasspath
androidx.compose.animation:animation-android:1.11.2=releaseCompileClasspath,releaseRuntimeClasspath
androidx.compose.animation:animation-core-android:1.11.2=releaseCompileClasspath,releaseRuntimeClasspath
androidx.compose.animation:animation-core:1.11.2=releaseCompileClasspath,releaseRuntimeClasspath
androidx.compose.animation:animation:1.11.2=releaseCompileClasspath,releaseRuntimeClasspath
androidx.compose.foundation:foundation-android:1.11.2=releaseCompileClasspath,releaseRuntimeClasspath
androidx.compose.foundation:foundation-layout-android:1.11.2=releaseCompileClasspath,releaseRuntimeClasspath
androidx.compose.foundation:foundation-layout:1.11.2=releaseCompileClasspath,releaseRuntimeClasspath
androidx.compose.foundation:foundation:1.11.2=releaseCompileClasspath,releaseRuntimeClasspath
androidx.compose.material3:material3-android:1.4.0=releaseCompileClasspath
androidx.compose.material3:material3:1.4.0=releaseCompileClasspath
androidx.compose.material:material-ripple-android:1.9.5=releaseCompileClasspath
androidx.compose.material:material-ripple:1.9.5=releaseCompileClasspath
androidx.compose.runtime:runtime-android:1.11.2=releaseRuntimeClasspath
androidx.compose.runtime:runtime-android:1.12.0=releaseCompileClasspath
androidx.compose.runtime:runtime-annotation-android:1.11.2=releaseRuntimeClasspath
androidx.compose.runtime:runtime-annotation-android:1.12.0=releaseCompileClasspath
androidx.compose.runtime:runtime-annotation:1.11.2=releaseRuntimeClasspath
androidx.compose.runtime:runtime-annotation:1.12.0=releaseCompileClasspath
androidx.compose.runtime:runtime-retain-android:1.11.2=releaseRuntimeClasspath
androidx.compose.runtime:runtime-retain-android:1.12.0=releaseCompileClasspath
androidx.compose.runtime:runtime-retain:1.11.2=releaseRuntimeClasspath
androidx.compose.runtime:runtime-retain:1.12.0=releaseCompileClasspath
androidx.compose.runtime:runtime-saveable-android:1.11.2=releaseRuntimeClasspath
androidx.compose.runtime:runtime-saveable-android:1.12.0=releaseCompileClasspath
androidx.compose.runtime:runtime-saveable:1.11.2=releaseRuntimeClasspath
androidx.compose.runtime:runtime-saveable:1.12.0=releaseCompileClasspath
androidx.compose.runtime:runtime:1.11.2=releaseRuntimeClasspath
androidx.compose.runtime:runtime:1.12.0=releaseCompileClasspath
androidx.compose.ui:ui-android:1.11.2=releaseRuntimeClasspath
androidx.compose.ui:ui-android:1.12.0=releaseCompileClasspath
androidx.compose.ui:ui-geometry-android:1.11.2=releaseRuntimeClasspath
androidx.compose.ui:ui-geometry-android:1.12.0=releaseCompileClasspath
androidx.compose.ui:ui-geometry:1.11.2=releaseRuntimeClasspath
androidx.compose.ui:ui-geometry:1.12.0=releaseCompileClasspath
androidx.compose.ui:ui-graphics-android:1.11.2=releaseRuntimeClasspath
androidx.compose.ui:ui-graphics-android:1.12.0=releaseCompileClasspath
androidx.compose.ui:ui-graphics:1.11.2=releaseRuntimeClasspath
androidx.compose.ui:ui-graphics:1.12.0=releaseCompileClasspath
androidx.compose.ui:ui-test-android:1.12.0=releaseCompileClasspath
androidx.compose.ui:ui-test-junit4-android:1.12.0=releaseCompileClasspath
androidx.compose.ui:ui-test-junit4:1.12.0=releaseCompileClasspath
androidx.compose.ui:ui-test-manifest:1.12.0=releaseCompileClasspath
androidx.compose.ui:ui-test:1.12.0=releaseCompileClasspath
androidx.compose.ui:ui-text-android:1.11.2=releaseRuntimeClasspath
androidx.compose.ui:ui-text-android:1.12.0=releaseCompileClasspath
androidx.compose.ui:ui-text:1.11.2=releaseRuntimeClasspath
androidx.compose.ui:ui-text:1.12.0=releaseCompileClasspath
androidx.compose.ui:ui-tooling-data-android:1.12.0=releaseCompileClasspath
androidx.compose.ui:ui-tooling-data:1.12.0=releaseCompileClasspath
androidx.compose.ui:ui-tooling-preview-android:1.12.0=releaseCompileClasspath
androidx.compose.ui:ui-tooling-preview:1.12.0=releaseCompileClasspath
androidx.compose.ui:ui-unit-android:1.11.2=releaseRuntimeClasspath
androidx.compose.ui:ui-unit-android:1.12.0=releaseCompileClasspath
androidx.compose.ui:ui-unit:1.11.2=releaseRuntimeClasspath
androidx.compose.ui:ui-unit:1.12.0=releaseCompileClasspath
androidx.compose.ui:ui-util-android:1.11.2=releaseRuntimeClasspath
androidx.compose.ui:ui-util-android:1.12.0=releaseCompileClasspath
androidx.compose.ui:ui-util:1.11.2=releaseRuntimeClasspath
androidx.compose.ui:ui-util:1.12.0=releaseCompileClasspath
androidx.compose.ui:ui:1.11.2=releaseRuntimeClasspath
androidx.compose.ui:ui:1.12.0=releaseCompileClasspath
androidx.compose:compose-bom:2025.11.01=releaseCompileClasspath
androidx.concurrent:concurrent-futures-ktx:1.1.0=releaseRuntimeClasspath
androidx.concurrent:concurrent-futures:1.1.0=releaseCompileClasspath,releaseRuntimeClasspath
androidx.coordinatorlayout:coordinatorlayout:1.1.0=releaseRuntimeClasspath
androidx.core:core-ktx:1.16.0=releaseRuntimeClasspath
androidx.core:core-ktx:1.18.0=releaseCompileClasspath
androidx.core:core-viewtree:1.0.0=releaseCompileClasspath,releaseRuntimeClasspath
androidx.core:core:1.16.0=releaseRuntimeClasspath
androidx.core:core:1.18.0=releaseCompileClasspath
androidx.cursoradapter:cursoradapter:1.0.0=releaseRuntimeClasspath
androidx.customview:customview-poolingcontainer:1.0.0=releaseRuntimeClasspath
androidx.customview:customview:1.0.0=releaseRuntimeClasspath
androidx.datastore:datastore-core:1.0.0=releaseCompileClasspath
androidx.datastore:datastore-preferences-core:1.0.0=releaseCompileClasspath
androidx.datastore:datastore-preferences:1.0.0=releaseCompileClasspath
androidx.datastore:datastore:1.0.0=releaseCompileClasspath
androidx.documentfile:documentfile:1.0.0=releaseRuntimeClasspath
androidx.drawerlayout:drawerlayout:1.0.0=releaseRuntimeClasspath
androidx.dynamicanimation:dynamicanimation:1.0.0=releaseRuntimeClasspath
androidx.emoji2:emoji2:1.4.0=releaseRuntimeClasspath
androidx.fragment:fragment:1.1.0=releaseRuntimeClasspath
androidx.glance:glance-appwidget:1.2.0=releaseCompileClasspath
androidx.glance:glance:1.2.0=releaseCompileClasspath
androidx.graphics:graphics-path:1.0.1=releaseRuntimeClasspath
androidx.interpolator:interpolator:1.0.0=releaseRuntimeClasspath
androidx.legacy:legacy-support-core-utils:1.0.0=releaseRuntimeClasspath
androidx.lifecycle:lifecycle-common-jvm:2.9.4=releaseCompileClasspath,releaseRuntimeClasspath
androidx.lifecycle:lifecycle-common:2.9.4=releaseCompileClasspath,releaseRuntimeClasspath
androidx.lifecycle:lifecycle-livedata-core-ktx:2.9.4=releaseRuntimeClasspath
androidx.lifecycle:lifecycle-livedata-core:2.9.4=releaseCompileClasspath,releaseRuntimeClasspath
androidx.lifecycle:lifecycle-livedata:2.9.4=releaseRuntimeClasspath
androidx.lifecycle:lifecycle-process:2.9.4=releaseRuntimeClasspath
androidx.lifecycle:lifecycle-runtime-android:2.9.4=releaseCompileClasspath,releaseRuntimeClasspath
androidx.lifecycle:lifecycle-runtime-compose-android:2.9.4=releaseCompileClasspath,releaseRuntimeClasspath
androidx.lifecycle:lifecycle-runtime-compose:2.9.4=releaseCompileClasspath,releaseRuntimeClasspath
androidx.lifecycle:lifecycle-runtime-ktx-android:2.9.4=releaseCompileClasspath,releaseRuntimeClasspath
androidx.lifecycle:lifecycle-runtime-ktx:2.9.4=releaseCompileClasspath,releaseRuntimeClasspath
androidx.lifecycle:lifecycle-runtime:2.9.4=releaseCompileClasspath,releaseRuntimeClasspath
androidx.lifecycle:lifecycle-viewmodel-android:2.9.4=releaseCompileClasspath,releaseRuntimeClasspath
androidx.lifecycle:lifecycle-viewmodel-ktx:2.9.4=releaseRuntimeClasspath
androidx.lifecycle:lifecycle-viewmodel-savedstate-android:2.9.4=releaseCompileClasspath,releaseRuntimeClasspath
androidx.lifecycle:lifecycle-viewmodel-savedstate:2.9.4=releaseCompileClasspath,releaseRuntimeClasspath
androidx.lifecycle:lifecycle-viewmodel:2.9.4=releaseCompileClasspath,releaseRuntimeClasspath
androidx.loader:loader:1.0.0=releaseRuntimeClasspath
androidx.localbroadcastmanager:localbroadcastmanager:1.0.0=releaseRuntimeClasspath
androidx.navigationevent:navigationevent-android:1.0.0=releaseCompileClasspath
androidx.navigationevent:navigationevent-compose-android:1.0.0=releaseCompileClasspath
androidx.navigationevent:navigationevent-compose:1.0.0=releaseCompileClasspath
androidx.navigationevent:navigationevent:1.0.0=releaseCompileClasspath
androidx.print:print:1.0.0=releaseRuntimeClasspath
androidx.profileinstaller:profileinstaller:1.4.0=releaseRuntimeClasspath
androidx.recyclerview:recyclerview:1.1.0=releaseRuntimeClasspath
androidx.savedstate:savedstate-android:1.4.0=releaseCompileClasspath,releaseRuntimeClasspath
androidx.savedstate:savedstate-compose-android:1.4.0=releaseCompileClasspath,releaseRuntimeClasspath
androidx.savedstate:savedstate-compose:1.4.0=releaseCompileClasspath,releaseRuntimeClasspath
androidx.savedstate:savedstate-ktx:1.4.0=releaseRuntimeClasspath
androidx.savedstate:savedstate:1.4.0=releaseCompileClasspath,releaseRuntimeClasspath
androidx.startup:startup-runtime:1.2.0=releaseRuntimeClasspath
androidx.test.espresso:espresso-core:3.5.1=releaseCompileClasspath,releaseRuntimeClasspath
androidx.test.espresso:espresso-idling-resource:3.5.1=releaseCompileClasspath
androidx.test.espresso:espresso-idling-resource:3.7.0=releaseRuntimeClasspath
androidx.test.ext:junit-ktx:1.2.1=releaseRuntimeClasspath
androidx.test.ext:junit:1.1.5=releaseCompileClasspath
androidx.test.ext:junit:1.2.1=releaseRuntimeClasspath
androidx.test.services:storage:1.4.2=releaseCompileClasspath
androidx.test.services:storage:1.5.0=releaseRuntimeClasspath
androidx.test:annotation:1.0.1=releaseCompileClasspath,releaseRuntimeClasspath
androidx.test:core:1.5.0=releaseCompileClasspath
androidx.test:core:1.6.1=releaseRuntimeClasspath
androidx.test:monitor:1.8.0=releaseCompileClasspath,releaseRuntimeClasspath
androidx.test:rules:1.4.0=releaseRuntimeClasspath
androidx.test:runner:1.5.2=releaseCompileClasspath,releaseRuntimeClasspath
androidx.tracing:tracing:1.1.0=releaseCompileClasspath
androidx.tracing:tracing:1.2.0=releaseRuntimeClasspath
androidx.transition:transition:1.6.0=releaseRuntimeClasspath
androidx.vectordrawable:vectordrawable-animated:1.1.0=releaseRuntimeClasspath
androidx.vectordrawable:vectordrawable:1.1.0=releaseRuntimeClasspath
androidx.versionedparcelable:versionedparcelable:1.1.1=releaseCompileClasspath,releaseRuntimeClasspath
androidx.viewpager2:viewpager2:1.0.0=releaseRuntimeClasspath
androidx.viewpager:viewpager:1.0.0=releaseRuntimeClasspath
androidx.wear.compose:compose-foundation:1.7.0-beta02=releaseCompileClasspath
androidx.wear.protolayout:protolayout-expression:1.4.2=releaseCompileClasspath
androidx.wear.protolayout:protolayout-external-protobuf:1.4.2=releaseCompileClasspath
androidx.wear.protolayout:protolayout-proto:1.4.2=releaseCompileClasspath
androidx.wear.protolayout:protolayout:1.4.2=releaseCompileClasspath
androidx.wear.tiles:tiles-renderer:1.6.2=releaseCompileClasspath
androidx.wear.tiles:tiles-tooling-preview:1.6.2=releaseCompileClasspath
androidx.wear.tiles:tiles:1.6.2=releaseCompileClasspath
androidx.wear:wear-tooling-preview:1.0.0=releaseCompileClasspath
androidx.window:window-core-android:1.5.0=releaseRuntimeClasspath
androidx.window:window-core:1.5.0=releaseRuntimeClasspath
androidx.window:window:1.5.0=releaseRuntimeClasspath
com.almworks.sqlite4java:sqlite4java:1.0.392=releaseCompileClasspath,releaseRuntimeClasspath
com.dropbox.differ:differ-jvm:0.3.0=releaseCompileClasspath,releaseRuntimeClasspath
com.dropbox.differ:differ:0.3.0=releaseCompileClasspath,releaseRuntimeClasspath
com.google.android.apps.common.testing.accessibility.framework:accessibility-test-framework:4.1.1=releaseRuntimeClasspath
com.google.android.material:material:1.2.0-rc01=releaseRuntimeClasspath
com.google.auto.value:auto-value-annotations:1.11.1=releaseCompileClasspath,releaseRuntimeClasspath
com.google.code.findbugs:jsr305:2.0.2=releaseCompileClasspath,releaseRuntimeClasspath
com.google.errorprone:error_prone_annotations:2.47.0=releaseCompileClasspath,releaseRuntimeClasspath
com.google.guava:failureaccess:1.0.3=releaseCompileClasspath,releaseRuntimeClasspath
com.google.guava:guava:33.6.0-jre=releaseCompileClasspath,releaseRuntimeClasspath
com.google.guava:listenablefuture:9999.0-empty-to-avoid-conflict-with-guava=releaseCompileClasspath,releaseRuntimeClasspath
com.google.j2objc:j2objc-annotations:3.1=releaseCompileClasspath,releaseRuntimeClasspath
com.google.protobuf:protobuf-javalite:3.19.1=releaseRuntimeClasspath
com.google.testparameterinjector:test-parameter-injector:1.22=releaseRuntimeClasspath
com.ibm.icu:icu4j:78.3=releaseCompileClasspath,releaseRuntimeClasspath
com.squareup.okhttp3:okhttp-android:5.5.0=releaseCompileClasspath,releaseRuntimeClasspath
com.squareup.okhttp3:okhttp:5.5.0=releaseCompileClasspath,releaseRuntimeClasspath
com.squareup.okio:okio-jvm:3.18.2=releaseCompileClasspath,releaseRuntimeClasspath
com.squareup.okio:okio:3.18.2=releaseCompileClasspath,releaseRuntimeClasspath
com.squareup:javawriter:2.1.1=releaseCompileClasspath,releaseRuntimeClasspath
ee.schimke.composeai:common-io:2.5.0=releaseCompileClasspath,releaseRuntimeClasspath
ee.schimke.composeai:daemon-bta:2.5.0=releaseCompileClasspath,releaseRuntimeClasspath
ee.schimke.composeai:daemon-devices:2.5.0=releaseCompileClasspath,releaseRuntimeClasspath
ee.schimke.composeai:daemon-protocol:2.5.0=releaseCompileClasspath,releaseRuntimeClasspath
ee.schimke.composeai:data-layoutinspector-core:2.5.0=releaseCompileClasspath,releaseRuntimeClasspath
ee.schimke.composeai:data-preview-overrides-core:2.5.0=releaseCompileClasspath,releaseRuntimeClasspath
ee.schimke.composeai:data-render-core:2.5.0=releaseCompileClasspath,releaseRuntimeClasspath
ee.schimke.composeai:data-theme-core:2.5.0=releaseCompileClasspath,releaseRuntimeClasspath
io.coil-kt.coil3:coil-android:3.5.0=releaseCompileClasspath
io.coil-kt.coil3:coil-compose-android:3.5.0=releaseCompileClasspath
io.coil-kt.coil3:coil-compose-core-android:3.5.0=releaseCompileClasspath
io.coil-kt.coil3:coil-compose-core:3.5.0=releaseCompileClasspath
io.coil-kt.coil3:coil-compose:3.5.0=releaseCompileClasspath
io.coil-kt.coil3:coil-core-android:3.5.0=releaseCompileClasspath
io.coil-kt.coil3:coil-core:3.5.0=releaseCompileClasspath
io.coil-kt.coil3:coil:3.5.0=releaseCompileClasspath
io.coil-kt:coil-base:2.7.0=releaseCompileClasspath
io.coil-kt:coil-compose-base:2.7.0=releaseCompileClasspath
io.coil-kt:coil-compose:2.7.0=releaseCompileClasspath
io.coil-kt:coil:2.7.0=releaseCompileClasspath
io.github.classgraph:classgraph:4.8.194=releaseRuntimeClasspath
io.github.takahirom.roborazzi:roborazzi-accessibility-check:1.73.0=releaseRuntimeClasspath
io.github.takahirom.roborazzi:roborazzi-compose:1.73.0=releaseCompileClasspath,releaseRuntimeClasspath
io.github.takahirom.roborazzi:roborazzi-core-android:1.73.0=releaseCompileClasspath,releaseRuntimeClasspath
io.github.takahirom.roborazzi:roborazzi-core:1.73.0=releaseCompileClasspath,releaseRuntimeClasspath
io.github.takahirom.roborazzi:roborazzi-junit-rule:1.73.0=releaseRuntimeClasspath
io.github.takahirom.roborazzi:roborazzi-painter-jvm:1.73.0=releaseRuntimeClasspath
io.github.takahirom.roborazzi:roborazzi-painter:1.73.0=releaseRuntimeClasspath
io.github.takahirom.roborazzi:roborazzi:1.73.0=releaseCompileClasspath,releaseRuntimeClasspath
javax.annotation:javax.annotation-api:1.3.2=releaseCompileClasspath,releaseRuntimeClasspath
javax.inject:javax.inject:1=releaseCompileClasspath,releaseRuntimeClasspath
junit:junit:4.13.2=releaseCompileClasspath,releaseRuntimeClasspath
org.bouncycastle:bc-jdk18on-bom:1.85=releaseCompileClasspath,releaseRuntimeClasspath
org.bouncycastle:bcprov-jdk18on:1.85=releaseCompileClasspath,releaseRuntimeClasspath
org.checkerframework:checker-qual:3.22.1=releaseRuntimeClasspath
org.conscrypt:conscrypt-openjdk-uber:2.6.2=releaseRuntimeClasspath
org.hamcrest:hamcrest-core:1.3=releaseCompileClasspath,releaseRuntimeClasspath
org.hamcrest:hamcrest-integration:1.3=releaseCompileClasspath,releaseRuntimeClasspath
org.hamcrest:hamcrest-library:1.3=releaseCompileClasspath,releaseRuntimeClasspath
org.jetbrains.androidx.lifecycle:lifecycle-common:2.9.6=releaseCompileClasspath,releaseRuntimeClasspath
org.jetbrains.androidx.lifecycle:lifecycle-runtime-compose:2.9.6=releaseCompileClasspath,releaseRuntimeClasspath
org.jetbrains.androidx.lifecycle:lifecycle-runtime:2.9.6=releaseCompileClasspath,releaseRuntimeClasspath
org.jetbrains.androidx.lifecycle:lifecycle-viewmodel-savedstate:2.9.6=releaseRuntimeClasspath
org.jetbrains.androidx.lifecycle:lifecycle-viewmodel:2.9.6=releaseRuntimeClasspath
org.jetbrains.androidx.savedstate:savedstate-compose:1.3.6=releaseCompileClasspath,releaseRuntimeClasspath
org.jetbrains.androidx.savedstate:savedstate:1.3.6=releaseCompileClasspath,releaseRuntimeClasspath
org.jetbrains.compose.animation:animation-core:1.11.1=releaseCompileClasspath,releaseRuntimeClasspath
org.jetbrains.compose.animation:animation:1.11.1=releaseCompileClasspath,releaseRuntimeClasspath
org.jetbrains.compose.foundation:foundation-layout:1.11.1=releaseCompileClasspath,releaseRuntimeClasspath
org.jetbrains.compose.foundation:foundation:1.11.1=releaseCompileClasspath,releaseRuntimeClasspath
org.jetbrains.compose.runtime:runtime-saveable:1.11.1=releaseCompileClasspath,releaseRuntimeClasspath
org.jetbrains.compose.runtime:runtime:1.11.1=releaseCompileClasspath,releaseRuntimeClasspath
org.jetbrains.compose.ui:ui-geometry:1.11.1=releaseCompileClasspath,releaseRuntimeClasspath
org.jetbrains.compose.ui:ui-graphics:1.11.1=releaseCompileClasspath,releaseRuntimeClasspath
org.jetbrains.compose.ui:ui-text:1.11.1=releaseCompileClasspath,releaseRuntimeClasspath
org.jetbrains.compose.ui:ui-unit:1.11.1=releaseCompileClasspath,releaseRuntimeClasspath
org.jetbrains.compose.ui:ui-util:1.11.1=releaseCompileClasspath,releaseRuntimeClasspath
org.jetbrains.compose.ui:ui:1.11.1=releaseCompileClasspath,releaseRuntimeClasspath
org.jetbrains.kotlin:kotlin-build-tools-api:2.4.10=releaseCompileClasspath,releaseRuntimeClasspath
org.jetbrains.kotlin:kotlin-stdlib:2.4.10=releaseCompileClasspath,releaseRuntimeClasspath
org.jetbrains.kotlinx:kotlinx-coroutines-android:1.10.2=releaseCompileClasspath
org.jetbrains.kotlinx:kotlinx-coroutines-android:1.9.0=releaseRuntimeClasspath
org.jetbrains.kotlinx:kotlinx-coroutines-bom:1.10.2=releaseCompileClasspath
org.jetbrains.kotlinx:kotlinx-coroutines-bom:1.9.0=releaseRuntimeClasspath
org.jetbrains.kotlinx:kotlinx-coroutines-core-jvm:1.10.2=releaseCompileClasspath
org.jetbrains.kotlinx:kotlinx-coroutines-core-jvm:1.9.0=releaseRuntimeClasspath
org.jetbrains.kotlinx:kotlinx-coroutines-core:1.10.2=releaseCompileClasspath
org.jetbrains.kotlinx:kotlinx-coroutines-core:1.9.0=releaseRuntimeClasspath
org.jetbrains.kotlinx:kotlinx-coroutines-test-jvm:1.10.2=releaseCompileClasspath
org.jetbrains.kotlinx:kotlinx-coroutines-test:1.10.2=releaseCompileClasspath
org.jetbrains.kotlinx:kotlinx-io-bytestring-jvm:0.3.3=releaseRuntimeClasspath
org.jetbrains.kotlinx:kotlinx-io-bytestring:0.3.3=releaseRuntimeClasspath
org.jetbrains.kotlinx:kotlinx-io-core-jvm:0.3.3=releaseRuntimeClasspath
org.jetbrains.kotlinx:kotlinx-io-core:0.3.3=releaseRuntimeClasspath
org.jetbrains.kotlinx:kotlinx-serialization-bom:1.11.0=releaseCompileClasspath,releaseRuntimeClasspath
org.jetbrains.kotlinx:kotlinx-serialization-core-jvm:1.11.0=releaseCompileClasspath,releaseRuntimeClasspath
org.jetbrains.kotlinx:kotlinx-serialization-core:1.11.0=releaseCompileClasspath,releaseRuntimeClasspath
org.jetbrains.kotlinx:kotlinx-serialization-json-jvm:1.11.0=releaseCompileClasspath,releaseRuntimeClasspath
org.jetbrains.kotlinx:kotlinx-serialization-json:1.11.0=releaseCompileClasspath,releaseRuntimeClasspath
org.jetbrains:annotations:23.0.0=releaseCompileClasspath,releaseRuntimeClasspath
org.jsoup:jsoup:1.15.1=releaseRuntimeClasspath
org.jspecify:jspecify:1.0.0=releaseCompileClasspath,releaseRuntimeClasspath
org.ow2.asm:asm-commons:9.10.1=releaseCompileClasspath,releaseRuntimeClasspath
org.ow2.asm:asm-tree:9.10.1=releaseCompileClasspath,releaseRuntimeClasspath
org.ow2.asm:asm:9.10.1=releaseCompileClasspath,releaseRuntimeClasspath
org.robolectric:annotations:4.17-beta-4=releaseCompileClasspath,releaseRuntimeClasspath
org.robolectric:junit:4.17-beta-4=releaseCompileClasspath,releaseRuntimeClasspath
org.robolectric:nativeruntime-dist-compat:1.0.19=releaseRuntimeClasspath
org.robolectric:nativeruntime:4.17-beta-4=releaseCompileClasspath,releaseRuntimeClasspath
org.robolectric:pluginapi:4.17-beta-4=releaseCompileClasspath,releaseRuntimeClasspath
org.robolectric:plugins-maven-dependency-resolver:4.17-beta-4=releaseCompileClasspath,releaseRuntimeClasspath
org.robolectric:resources:4.17-beta-4=releaseCompileClasspath,releaseRuntimeClasspath
org.robolectric:robolectric:4.17-beta-4=releaseCompileClasspath,releaseRuntimeClasspath
org.robolectric:sandbox:4.17-beta-4=releaseCompileClasspath,releaseRuntimeClasspath
org.robolectric:shadowapi:4.17-beta-4=releaseCompileClasspath,releaseRuntimeClasspath
org.robolectric:shadows-framework:4.17-beta-4=releaseCompileClasspath,releaseRuntimeClasspath
org.robolectric:utils-reflector:4.17-beta-4=releaseCompileClasspath,releaseRuntimeClasspath
org.robolectric:utils:4.17-beta-4=releaseCompileClasspath,releaseRuntimeClasspath
org.yaml:snakeyaml:2.6=releaseRuntimeClasspath
empty=
