# This is a Gradle generated file for dependency locking.
# Manual edits can break the build and are not advised.
# This file is expected to be part of source control.
# To regenerate this file, run: ./gradlew :data-uiautomator-hierarchy-android:dependencies --write-locks
androidx.activity:activity:1.2.1=releaseCompileClasspath
androidx.annotation:annotation-experimental:1.4.1=releaseCompileClasspath
androidx.annotation:annotation-jvm:1.9.1=releaseCompileClasspath
androidx.annotation:annotation:1.9.1=releaseCompileClasspath
androidx.arch.core:core-common:2.2.0=releaseCompileClasspath
androidx.collection:collection:1.0.0=releaseCompileClasspath
androidx.compose.runtime:runtime-android:1.9.5=releaseCompileClasspath
androidx.compose.runtime:runtime-annotation-android:1.9.5=releaseCompileClasspath
androidx.compose.runtime:runtime-annotation:1.9.5=releaseCompileClasspath
androidx.compose.runtime:runtime-saveable-android:1.9.5=releaseCompileClasspath
androidx.compose.runtime:runtime-saveable:1.9.5=releaseCompileClasspath
androidx.compose.runtime:runtime:1.9.5=releaseCompileClasspath
androidx.compose.ui:ui-android:1.9.5=releaseCompileClasspath
androidx.compose.ui:ui-geometry-android:1.9.5=releaseCompileClasspath
androidx.compose.ui:ui-geometry:1.9.5=releaseCompileClasspath
androidx.compose.ui:ui-graphics-android:1.9.5=releaseCompileClasspath
androidx.compose.ui:ui-graphics:1.9.5=releaseCompileClasspath
androidx.compose.ui:ui-test-android:1.9.5=releaseCompileClasspath
androidx.compose.ui:ui-test-junit4-android:1.9.5=releaseCompileClasspath
androidx.compose.ui:ui-test-junit4:1.9.5=releaseCompileClasspath
androidx.compose.ui:ui-test:1.9.5=releaseCompileClasspath
androidx.compose.ui:ui-text-android:1.9.5=releaseCompileClasspath
androidx.compose.ui:ui-text:1.9.5=releaseCompileClasspath
androidx.compose.ui:ui-unit-android:1.9.5=releaseCompileClasspath
androidx.compose.ui:ui-unit:1.9.5=releaseCompileClasspath
androidx.compose.ui:ui-util-android:1.9.5=releaseCompileClasspath
androidx.compose.ui:ui-util:1.9.5=releaseCompileClasspath
androidx.compose.ui:ui:1.9.5=releaseCompileClasspath
androidx.compose:compose-bom:2025.11.01=releaseCompileClasspath
androidx.concurrent:concurrent-futures:1.1.0=releaseCompileClasspath
androidx.core:core-ktx:1.2.0=releaseCompileClasspath
androidx.core:core:1.2.0=releaseCompileClasspath
androidx.lifecycle:lifecycle-common-jvm:2.8.7=releaseCompileClasspath
androidx.lifecycle:lifecycle-common:2.8.7=releaseCompileClasspath
androidx.lifecycle:lifecycle-livedata-core:2.8.7=releaseCompileClasspath
androidx.lifecycle:lifecycle-runtime-android:2.8.7=releaseCompileClasspath
androidx.lifecycle:lifecycle-runtime-compose-android:2.8.7=releaseCompileClasspath
androidx.lifecycle:lifecycle-runtime-compose:2.8.7=releaseCompileClasspath
androidx.lifecycle:lifecycle-runtime-ktx-android:2.8.7=releaseCompileClasspath
androidx.lifecycle:lifecycle-runtime-ktx:2.8.7=releaseCompileClasspath
androidx.lifecycle:lifecycle-runtime:2.8.7=releaseCompileClasspath
androidx.lifecycle:lifecycle-viewmodel-android:2.8.7=releaseCompileClasspath
androidx.lifecycle:lifecycle-viewmodel-savedstate:2.8.7=releaseCompileClasspath
androidx.lifecycle:lifecycle-viewmodel:2.8.7=releaseCompileClasspath
androidx.savedstate:savedstate-android:1.3.3=releaseCompileClasspath
androidx.savedstate:savedstate-compose-android:1.3.3=releaseCompileClasspath
androidx.savedstate:savedstate-compose:1.3.3=releaseCompileClasspath
androidx.savedstate:savedstate:1.3.3=releaseCompileClasspath
androidx.test.ext:junit:1.1.5=releaseCompileClasspath
androidx.test.services:storage:1.4.2=releaseCompileClasspath
androidx.test:annotation:1.0.1=releaseCompileClasspath
androidx.test:core:1.5.0=releaseCompileClasspath
androidx.test:monitor:1.6.1=releaseCompileClasspath
androidx.tracing:tracing:1.0.0=releaseCompileClasspath
androidx.versionedparcelable:versionedparcelable:1.1.0=releaseCompileClasspath
com.google.code.findbugs:jsr305:2.0.2=releaseCompileClasspath
com.google.guava:listenablefuture:1.0=releaseCompileClasspath
com.squareup.okio:okio-jvm:3.18.1=releaseRuntimeClasspath
com.squareup.okio:okio:3.18.1=releaseRuntimeClasspath
ee.schimke.composeai:common-io:2.5.0=releaseRuntimeClasspath
ee.schimke.composeai:daemon-protocol:2.5.0=releaseCompileClasspath,releaseRuntimeClasspath
ee.schimke.composeai:data-render-core:2.5.0=releaseCompileClasspath,releaseRuntimeClasspath
junit:junit:4.13.2=releaseCompileClasspath
org.hamcrest:hamcrest-core:1.3=releaseCompileClasspath
org.jetbrains.kotlin:kotlin-stdlib:2.4.10=releaseCompileClasspath,releaseRuntimeClasspath
org.jetbrains.kotlinx:kotlinx-coroutines-android:1.8.1=releaseCompileClasspath
org.jetbrains.kotlinx:kotlinx-coroutines-bom:1.8.1=releaseCompileClasspath
org.jetbrains.kotlinx:kotlinx-coroutines-core-jvm:1.8.1=releaseCompileClasspath
org.jetbrains.kotlinx:kotlinx-coroutines-core:1.8.1=releaseCompileClasspath
org.jetbrains.kotlinx:kotlinx-coroutines-test-jvm:1.8.1=releaseCompileClasspath
org.jetbrains.kotlinx:kotlinx-coroutines-test:1.8.1=releaseCompileClasspath
org.jetbrains.kotlinx:kotlinx-serialization-bom:1.11.0=releaseCompileClasspath,releaseRuntimeClasspath
org.jetbrains.kotlinx:kotlinx-serialization-core-jvm:1.11.0=releaseCompileClasspath,releaseRuntimeClasspath
org.jetbrains.kotlinx:kotlinx-serialization-core:1.11.0=releaseCompileClasspath,releaseRuntimeClasspath
org.jetbrains.kotlinx:kotlinx-serialization-json-jvm:1.11.0=releaseCompileClasspath,releaseRuntimeClasspath
org.jetbrains.kotlinx:kotlinx-serialization-json:1.11.0=releaseCompileClasspath,releaseRuntimeClasspath
org.jetbrains:annotations:13.0=releaseRuntimeClasspath
org.jetbrains:annotations:23.0.0=releaseCompileClasspath
org.jspecify:jspecify:1.0.0=releaseCompileClasspath
empty=
