# This is a Gradle generated file for dependency locking.
# Manual edits can break the build and are not advised.
# This file is expected to be part of source control.
# To regenerate this file, run: ./gradlew :preview-annotations:dependencies --write-locks
org.jetbrains.kotlin:kotlin-stdlib:2.0.21=jvmCompileClasspath,jvmRuntimeClasspath
org.jetbrains:annotations:13.0=jvmCompileClasspath,jvmRuntimeClasspath
empty=
