# This is a Gradle generated file for dependency locking.
# Manual edits can break the build and are not advised.
# This file is expected to be part of source control.
# To regenerate this file, run: ./gradlew :slot-preview-runtime:dependencies --write-locks
androidx.annotation:annotation-jvm:1.9.1=jvmCompileClasspath,jvmRuntimeClasspath
androidx.annotation:annotation:1.9.1=jvmCompileClasspath,jvmRuntimeClasspath
androidx.arch.core:core-common:2.2.0=jvmCompileClasspath,jvmRuntimeClasspath
androidx.collection:collection-jvm:1.5.0=jvmCompileClasspath,jvmRuntimeClasspath
androidx.collection:collection:1.5.0=jvmCompileClasspath,jvmRuntimeClasspath
androidx.compose.runtime:runtime-annotation-jvm:1.11.2=jvmCompileClasspath,jvmRuntimeClasspath
androidx.compose.runtime:runtime-annotation:1.11.2=jvmCompileClasspath,jvmRuntimeClasspath
androidx.compose.runtime:runtime-desktop:1.11.2=jvmCompileClasspath,jvmRuntimeClasspath
androidx.compose.runtime:runtime-retain-desktop:1.11.2=jvmCompileClasspath,jvmRuntimeClasspath
androidx.compose.runtime:runtime-retain:1.11.2=jvmCompileClasspath,jvmRuntimeClasspath
androidx.compose.runtime:runtime-saveable-desktop:1.11.2=jvmCompileClasspath,jvmRuntimeClasspath
androidx.compose.runtime:runtime-saveable:1.11.2=jvmCompileClasspath,jvmRuntimeClasspath
androidx.compose.runtime:runtime:1.11.2=jvmCompileClasspath,jvmRuntimeClasspath
androidx.lifecycle:lifecycle-common-jvm:2.9.4=jvmCompileClasspath,jvmRuntimeClasspath
androidx.lifecycle:lifecycle-common:2.9.4=jvmCompileClasspath,jvmRuntimeClasspath
androidx.lifecycle:lifecycle-runtime-compose-desktop:2.9.4=jvmCompileClasspath,jvmRuntimeClasspath
androidx.lifecycle:lifecycle-runtime-compose:2.9.4=jvmCompileClasspath,jvmRuntimeClasspath
androidx.lifecycle:lifecycle-runtime-desktop:2.9.4=jvmCompileClasspath,jvmRuntimeClasspath
androidx.lifecycle:lifecycle-runtime:2.9.4=jvmCompileClasspath,jvmRuntimeClasspath
androidx.lifecycle:lifecycle-viewmodel-desktop:2.9.4=jvmRuntimeClasspath
androidx.lifecycle:lifecycle-viewmodel-savedstate-desktop:2.9.4=jvmRuntimeClasspath
androidx.lifecycle:lifecycle-viewmodel-savedstate:2.9.4=jvmRuntimeClasspath
androidx.lifecycle:lifecycle-viewmodel:2.9.4=jvmRuntimeClasspath
androidx.navigationevent:navigationevent-desktop:1.0.1=jvmRuntimeClasspath
androidx.navigationevent:navigationevent:1.0.1=jvmRuntimeClasspath
androidx.savedstate:savedstate-compose-desktop:1.4.0=jvmCompileClasspath,jvmRuntimeClasspath
androidx.savedstate:savedstate-compose:1.4.0=jvmCompileClasspath,jvmRuntimeClasspath
androidx.savedstate:savedstate-desktop:1.4.0=jvmCompileClasspath,jvmRuntimeClasspath
androidx.savedstate:savedstate:1.4.0=jvmCompileClasspath,jvmRuntimeClasspath
org.jetbrains.androidx.lifecycle:lifecycle-common:2.9.6=jvmCompileClasspath,jvmRuntimeClasspath
org.jetbrains.androidx.lifecycle:lifecycle-runtime-compose-desktop:2.9.6=jvmCompileClasspath,jvmRuntimeClasspath
org.jetbrains.androidx.lifecycle:lifecycle-runtime-compose:2.9.6=jvmCompileClasspath,jvmRuntimeClasspath
org.jetbrains.androidx.lifecycle:lifecycle-runtime:2.9.6=jvmCompileClasspath,jvmRuntimeClasspath
org.jetbrains.androidx.lifecycle:lifecycle-viewmodel-savedstate:2.9.6=jvmRuntimeClasspath
org.jetbrains.androidx.lifecycle:lifecycle-viewmodel:2.9.6=jvmRuntimeClasspath
org.jetbrains.androidx.savedstate:savedstate-compose-desktop:1.3.6=jvmCompileClasspath,jvmRuntimeClasspath
org.jetbrains.androidx.savedstate:savedstate-compose:1.3.6=jvmCompileClasspath,jvmRuntimeClasspath
org.jetbrains.androidx.savedstate:savedstate:1.3.6=jvmCompileClasspath,jvmRuntimeClasspath
org.jetbrains.compose.animation:animation-core-desktop:1.11.1=jvmCompileClasspath,jvmRuntimeClasspath
org.jetbrains.compose.animation:animation-core:1.11.1=jvmCompileClasspath,jvmRuntimeClasspath
org.jetbrains.compose.animation:animation-desktop:1.11.1=jvmCompileClasspath,jvmRuntimeClasspath
org.jetbrains.compose.animation:animation:1.11.1=jvmCompileClasspath,jvmRuntimeClasspath
org.jetbrains.compose.foundation:foundation-desktop:1.11.1=jvmCompileClasspath,jvmRuntimeClasspath
org.jetbrains.compose.foundation:foundation-layout-desktop:1.11.1=jvmCompileClasspath,jvmRuntimeClasspath
org.jetbrains.compose.foundation:foundation-layout:1.11.1=jvmCompileClasspath,jvmRuntimeClasspath
org.jetbrains.compose.foundation:foundation:1.11.1=jvmCompileClasspath,jvmRuntimeClasspath
org.jetbrains.compose.runtime:runtime-desktop:1.11.1=jvmCompileClasspath,jvmRuntimeClasspath
org.jetbrains.compose.runtime:runtime-saveable-desktop:1.11.1=jvmCompileClasspath,jvmRuntimeClasspath
org.jetbrains.compose.runtime:runtime-saveable:1.11.1=jvmCompileClasspath,jvmRuntimeClasspath
org.jetbrains.compose.runtime:runtime:1.11.1=jvmCompileClasspath,jvmRuntimeClasspath
org.jetbrains.compose.ui:ui-backhandler-desktop:1.11.1=jvmRuntimeClasspath
org.jetbrains.compose.ui:ui-backhandler:1.11.1=jvmRuntimeClasspath
org.jetbrains.compose.ui:ui-desktop:1.11.1=jvmCompileClasspath,jvmRuntimeClasspath
org.jetbrains.compose.ui:ui-geometry-desktop:1.11.1=jvmCompileClasspath,jvmRuntimeClasspath
org.jetbrains.compose.ui:ui-geometry:1.11.1=jvmCompileClasspath,jvmRuntimeClasspath
org.jetbrains.compose.ui:ui-graphics-desktop:1.11.1=jvmCompileClasspath,jvmRuntimeClasspath
org.jetbrains.compose.ui:ui-graphics:1.11.1=jvmCompileClasspath,jvmRuntimeClasspath
org.jetbrains.compose.ui:ui-text-desktop:1.11.1=jvmCompileClasspath,jvmRuntimeClasspath
org.jetbrains.compose.ui:ui-text:1.11.1=jvmCompileClasspath,jvmRuntimeClasspath
org.jetbrains.compose.ui:ui-unit-desktop:1.11.1=jvmCompileClasspath,jvmRuntimeClasspath
org.jetbrains.compose.ui:ui-unit:1.11.1=jvmCompileClasspath,jvmRuntimeClasspath
org.jetbrains.compose.ui:ui-util-desktop:1.11.1=jvmCompileClasspath,jvmRuntimeClasspath
org.jetbrains.compose.ui:ui-util:1.11.1=jvmCompileClasspath,jvmRuntimeClasspath
org.jetbrains.compose.ui:ui:1.11.1=jvmCompileClasspath,jvmRuntimeClasspath
org.jetbrains.kotlin:kotlin-stdlib:2.4.10=jvmCompileClasspath,jvmRuntimeClasspath
org.jetbrains.kotlinx:atomicfu-jvm:0.28.0=jvmRuntimeClasspath
org.jetbrains.kotlinx:atomicfu:0.28.0=jvmRuntimeClasspath
org.jetbrains.kotlinx:kotlinx-coroutines-bom:1.9.0=jvmCompileClasspath,jvmRuntimeClasspath
org.jetbrains.kotlinx:kotlinx-coroutines-core-jvm:1.9.0=jvmCompileClasspath,jvmRuntimeClasspath
org.jetbrains.kotlinx:kotlinx-coroutines-core:1.9.0=jvmCompileClasspath,jvmRuntimeClasspath
org.jetbrains.kotlinx:kotlinx-serialization-bom:1.7.3=jvmCompileClasspath,jvmRuntimeClasspath
org.jetbrains.kotlinx:kotlinx-serialization-core-jvm:1.7.3=jvmCompileClasspath,jvmRuntimeClasspath
org.jetbrains.kotlinx:kotlinx-serialization-core:1.7.3=jvmCompileClasspath,jvmRuntimeClasspath
org.jetbrains.runtime:jbr-api:1.9.0=jvmRuntimeClasspath
org.jetbrains.skiko:skiko-awt:0.144.6=jvmCompileClasspath,jvmRuntimeClasspath
org.jetbrains.skiko:skiko:0.144.6=jvmCompileClasspath,jvmRuntimeClasspath
org.jetbrains:annotations:23.0.0=jvmCompileClasspath,jvmRuntimeClasspath
org.jspecify:jspecify:1.0.0=jvmCompileClasspath,jvmRuntimeClasspath
empty=
