# This is a Gradle generated file for dependency locking.
# Manual edits can break the build and are not advised.
# This file is expected to be part of source control.
# To regenerate this file, run: ./gradlew :data-remotecompose-connector:dependencies --write-locks
androidx.activity:activity-ktx:1.7.0=releaseRuntimeClasspath
androidx.activity:activity:1.7.0=releaseRuntimeClasspath
androidx.annotation:annotation-experimental:1.4.1=releaseCompileClasspath,releaseRuntimeClasspath
androidx.annotation:annotation-jvm:1.10.0=releaseRuntimeClasspath
androidx.annotation:annotation-jvm:1.9.1=releaseCompileClasspath
androidx.annotation:annotation:1.10.0=releaseRuntimeClasspath
androidx.annotation:annotation:1.9.1=releaseCompileClasspath
androidx.arch.core:core-common:2.2.0=releaseCompileClasspath,releaseRuntimeClasspath
androidx.arch.core:core-runtime:2.2.0=releaseRuntimeClasspath
androidx.autofill:autofill:1.0.0=releaseRuntimeClasspath
androidx.collection:collection-jvm:1.5.0=releaseCompileClasspath,releaseRuntimeClasspath
androidx.collection:collection-ktx:1.5.0=releaseRuntimeClasspath
androidx.collection:collection:1.5.0=releaseCompileClasspath,releaseRuntimeClasspath
androidx.compose.remote:remote-core:1.0.0-alpha18=releaseCompileClasspath
androidx.compose.remote:remote-creation-android:1.0.0-alpha18=releaseCompileClasspath
androidx.compose.remote:remote-creation-compose:1.0.0-alpha18=releaseCompileClasspath
androidx.compose.remote:remote-creation-core:1.0.0-alpha18=releaseCompileClasspath
androidx.compose.remote:remote-creation:1.0.0-alpha18=releaseCompileClasspath
androidx.compose.remote:remote-player-compose:1.0.0-alpha18=releaseCompileClasspath
androidx.compose.remote:remote-player-core:1.0.0-alpha18=releaseCompileClasspath
androidx.compose.remote:remote-player-view:1.0.0-alpha18=releaseCompileClasspath
androidx.compose.remote:remote-tooling-preview:1.0.0-alpha18=releaseCompileClasspath
androidx.compose.runtime:runtime-android:1.11.2=releaseRuntimeClasspath
androidx.compose.runtime:runtime-android:1.12.0=releaseCompileClasspath
androidx.compose.runtime:runtime-annotation-android:1.11.2=releaseRuntimeClasspath
androidx.compose.runtime:runtime-annotation-android:1.12.0=releaseCompileClasspath
androidx.compose.runtime:runtime-annotation:1.11.2=releaseRuntimeClasspath
androidx.compose.runtime:runtime-annotation:1.12.0=releaseCompileClasspath
androidx.compose.runtime:runtime-retain-android:1.11.2=releaseRuntimeClasspath
androidx.compose.runtime:runtime-retain-android:1.12.0=releaseCompileClasspath
androidx.compose.runtime:runtime-retain:1.11.2=releaseRuntimeClasspath
androidx.compose.runtime:runtime-retain:1.12.0=releaseCompileClasspath
androidx.compose.runtime:runtime-saveable-android:1.11.2=releaseRuntimeClasspath
androidx.compose.runtime:runtime-saveable-android:1.12.0=releaseCompileClasspath
androidx.compose.runtime:runtime-saveable:1.11.2=releaseRuntimeClasspath
androidx.compose.runtime:runtime-saveable:1.12.0=releaseCompileClasspath
androidx.compose.runtime:runtime:1.11.2=releaseRuntimeClasspath
androidx.compose.runtime:runtime:1.12.0=releaseCompileClasspath
androidx.compose.ui:ui-android:1.11.2=releaseRuntimeClasspath
androidx.compose.ui:ui-android:1.12.0=releaseCompileClasspath
androidx.compose.ui:ui-geometry-android:1.11.2=releaseRuntimeClasspath
androidx.compose.ui:ui-geometry-android:1.12.0=releaseCompileClasspath
androidx.compose.ui:ui-geometry:1.11.2=releaseRuntimeClasspath
androidx.compose.ui:ui-geometry:1.12.0=releaseCompileClasspath
androidx.compose.ui:ui-graphics-android:1.11.2=releaseRuntimeClasspath
androidx.compose.ui:ui-graphics-android:1.12.0=releaseCompileClasspath
androidx.compose.ui:ui-graphics:1.11.2=releaseRuntimeClasspath
androidx.compose.ui:ui-graphics:1.12.0=releaseCompileClasspath
androidx.compose.ui:ui-text-android:1.11.2=releaseRuntimeClasspath
androidx.compose.ui:ui-text-android:1.12.0=releaseCompileClasspath
androidx.compose.ui:ui-text:1.11.2=releaseRuntimeClasspath
androidx.compose.ui:ui-text:1.12.0=releaseCompileClasspath
androidx.compose.ui:ui-tooling-preview-android:1.12.0=releaseCompileClasspath
androidx.compose.ui:ui-tooling-preview:1.12.0=releaseCompileClasspath
androidx.compose.ui:ui-unit-android:1.11.2=releaseRuntimeClasspath
androidx.compose.ui:ui-unit-android:1.12.0=releaseCompileClasspath
androidx.compose.ui:ui-unit:1.11.2=releaseRuntimeClasspath
androidx.compose.ui:ui-unit:1.12.0=releaseCompileClasspath
androidx.compose.ui:ui-util-android:1.11.2=releaseRuntimeClasspath
androidx.compose.ui:ui-util-android:1.12.0=releaseCompileClasspath
androidx.compose.ui:ui-util:1.11.2=releaseRuntimeClasspath
androidx.compose.ui:ui-util:1.12.0=releaseCompileClasspath
androidx.compose.ui:ui:1.11.2=releaseRuntimeClasspath
androidx.compose.ui:ui:1.12.0=releaseCompileClasspath
androidx.compose:compose-bom:2025.11.01=releaseCompileClasspath
androidx.concurrent:concurrent-futures:1.1.0=releaseRuntimeClasspath
androidx.core:core-ktx:1.16.0=releaseRuntimeClasspath
androidx.core:core-viewtree:1.0.0=releaseRuntimeClasspath
androidx.core:core:1.16.0=releaseRuntimeClasspath
androidx.customview:customview-poolingcontainer:1.0.0=releaseRuntimeClasspath
androidx.documentfile:documentfile:1.0.0=releaseRuntimeClasspath
androidx.dynamicanimation:dynamicanimation:1.0.0=releaseRuntimeClasspath
androidx.emoji2:emoji2:1.4.0=releaseRuntimeClasspath
androidx.graphics:graphics-path:1.0.1=releaseRuntimeClasspath
androidx.interpolator:interpolator:1.0.0=releaseRuntimeClasspath
androidx.legacy:legacy-support-core-utils:1.0.0=releaseRuntimeClasspath
androidx.lifecycle:lifecycle-common-jvm:2.9.4=releaseCompileClasspath,releaseRuntimeClasspath
androidx.lifecycle:lifecycle-common:2.9.4=releaseCompileClasspath,releaseRuntimeClasspath
androidx.lifecycle:lifecycle-livedata-core-ktx:2.9.4=releaseRuntimeClasspath
androidx.lifecycle:lifecycle-livedata-core:2.9.4=releaseRuntimeClasspath
androidx.lifecycle:lifecycle-livedata:2.9.4=releaseRuntimeClasspath
androidx.lifecycle:lifecycle-process:2.9.4=releaseRuntimeClasspath
androidx.lifecycle:lifecycle-runtime-android:2.9.4=releaseCompileClasspath,releaseRuntimeClasspath
androidx.lifecycle:lifecycle-runtime-compose-android:2.9.4=releaseCompileClasspath,releaseRuntimeClasspath
androidx.lifecycle:lifecycle-runtime-compose:2.9.4=releaseCompileClasspath,releaseRuntimeClasspath
androidx.lifecycle:lifecycle-runtime-ktx-android:2.9.4=releaseCompileClasspath,releaseRuntimeClasspath
androidx.lifecycle:lifecycle-runtime-ktx:2.9.4=releaseCompileClasspath,releaseRuntimeClasspath
androidx.lifecycle:lifecycle-runtime:2.9.4=releaseCompileClasspath,releaseRuntimeClasspath
androidx.lifecycle:lifecycle-viewmodel-android:2.9.4=releaseRuntimeClasspath
androidx.lifecycle:lifecycle-viewmodel-ktx:2.9.4=releaseRuntimeClasspath
androidx.lifecycle:lifecycle-viewmodel-savedstate-android:2.9.4=releaseRuntimeClasspath
androidx.lifecycle:lifecycle-viewmodel-savedstate:2.9.4=releaseRuntimeClasspath
androidx.lifecycle:lifecycle-viewmodel:2.9.4=releaseRuntimeClasspath
androidx.loader:loader:1.0.0=releaseRuntimeClasspath
androidx.localbroadcastmanager:localbroadcastmanager:1.0.0=releaseRuntimeClasspath
androidx.print:print:1.0.0=releaseRuntimeClasspath
androidx.profileinstaller:profileinstaller:1.4.0=releaseRuntimeClasspath
androidx.savedstate:savedstate-android:1.4.0=releaseCompileClasspath,releaseRuntimeClasspath
androidx.savedstate:savedstate-compose-android:1.4.0=releaseCompileClasspath,releaseRuntimeClasspath
androidx.savedstate:savedstate-compose:1.4.0=releaseCompileClasspath,releaseRuntimeClasspath
androidx.savedstate:savedstate-ktx:1.4.0=releaseRuntimeClasspath
androidx.savedstate:savedstate:1.4.0=releaseCompileClasspath,releaseRuntimeClasspath
androidx.startup:startup-runtime:1.2.0=releaseRuntimeClasspath
androidx.tracing:tracing:1.2.0=releaseRuntimeClasspath
androidx.transition:transition:1.6.0=releaseRuntimeClasspath
androidx.versionedparcelable:versionedparcelable:1.1.1=releaseRuntimeClasspath
androidx.window:window-core-android:1.5.0=releaseRuntimeClasspath
androidx.window:window-core:1.5.0=releaseRuntimeClasspath
androidx.window:window:1.5.0=releaseRuntimeClasspath
com.google.guava:listenablefuture:1.0=releaseRuntimeClasspath
com.squareup.okhttp3:okhttp-android:5.5.0=releaseRuntimeClasspath
com.squareup.okhttp3:okhttp:5.5.0=releaseRuntimeClasspath
com.squareup.okio:okio-jvm:3.18.2=releaseCompileClasspath,releaseRuntimeClasspath
com.squareup.okio:okio:3.18.2=releaseCompileClasspath,releaseRuntimeClasspath
ee.schimke.composeai:common-io:2.5.0=releaseRuntimeClasspath
ee.schimke.composeai:daemon-bta:2.5.0=releaseCompileClasspath,releaseRuntimeClasspath
ee.schimke.composeai:daemon-devices:2.5.0=releaseCompileClasspath,releaseRuntimeClasspath
ee.schimke.composeai:daemon-protocol:2.5.0=releaseCompileClasspath,releaseRuntimeClasspath
ee.schimke.composeai:data-layoutinspector-core:2.5.0=releaseCompileClasspath,releaseRuntimeClasspath
ee.schimke.composeai:data-preview-overrides-core:2.5.0=releaseCompileClasspath,releaseRuntimeClasspath
ee.schimke.composeai:data-render-core:2.5.0=releaseCompileClasspath,releaseRuntimeClasspath
ee.schimke.composeai:data-theme-core:2.5.0=releaseCompileClasspath,releaseRuntimeClasspath
ee.schimke.composeai:third-party-rc-embedded-player:1.57.0=releaseCompileClasspath
io.github.classgraph:classgraph:4.8.194=releaseRuntimeClasspath
org.jetbrains.androidx.lifecycle:lifecycle-common:2.9.6=releaseCompileClasspath,releaseRuntimeClasspath
org.jetbrains.androidx.lifecycle:lifecycle-runtime-compose:2.9.6=releaseCompileClasspath,releaseRuntimeClasspath
org.jetbrains.androidx.lifecycle:lifecycle-runtime:2.9.6=releaseCompileClasspath,releaseRuntimeClasspath
org.jetbrains.androidx.lifecycle:lifecycle-viewmodel-savedstate:2.9.6=releaseRuntimeClasspath
org.jetbrains.androidx.lifecycle:lifecycle-viewmodel:2.9.6=releaseRuntimeClasspath
org.jetbrains.androidx.savedstate:savedstate-compose:1.3.6=releaseCompileClasspath,releaseRuntimeClasspath
org.jetbrains.androidx.savedstate:savedstate:1.3.6=releaseCompileClasspath,releaseRuntimeClasspath
org.jetbrains.compose.runtime:runtime-saveable:1.11.1=releaseCompileClasspath,releaseRuntimeClasspath
org.jetbrains.compose.runtime:runtime:1.11.1=releaseCompileClasspath,releaseRuntimeClasspath
org.jetbrains.compose.ui:ui-geometry:1.11.1=releaseCompileClasspath,releaseRuntimeClasspath
org.jetbrains.compose.ui:ui-graphics:1.11.1=releaseCompileClasspath,releaseRuntimeClasspath
org.jetbrains.compose.ui:ui-text:1.11.1=releaseCompileClasspath,releaseRuntimeClasspath
org.jetbrains.compose.ui:ui-unit:1.11.1=releaseCompileClasspath,releaseRuntimeClasspath
org.jetbrains.compose.ui:ui-util:1.11.1=releaseCompileClasspath,releaseRuntimeClasspath
org.jetbrains.compose.ui:ui:1.11.1=releaseCompileClasspath,releaseRuntimeClasspath
org.jetbrains.kotlin:kotlin-build-tools-api:2.4.10=releaseCompileClasspath,releaseRuntimeClasspath
org.jetbrains.kotlin:kotlin-stdlib:2.4.10=releaseCompileClasspath,releaseRuntimeClasspath
org.jetbrains.kotlinx:kotlinx-coroutines-android:1.9.0=releaseCompileClasspath,releaseRuntimeClasspath
org.jetbrains.kotlinx:kotlinx-coroutines-bom:1.9.0=releaseCompileClasspath,releaseRuntimeClasspath
org.jetbrains.kotlinx:kotlinx-coroutines-core-jvm:1.9.0=releaseCompileClasspath,releaseRuntimeClasspath
org.jetbrains.kotlinx:kotlinx-coroutines-core:1.9.0=releaseCompileClasspath,releaseRuntimeClasspath
org.jetbrains.kotlinx:kotlinx-serialization-bom:1.11.0=releaseCompileClasspath,releaseRuntimeClasspath
org.jetbrains.kotlinx:kotlinx-serialization-core-jvm:1.11.0=releaseCompileClasspath,releaseRuntimeClasspath
org.jetbrains.kotlinx:kotlinx-serialization-core:1.11.0=releaseCompileClasspath,releaseRuntimeClasspath
org.jetbrains.kotlinx:kotlinx-serialization-json-jvm:1.11.0=releaseCompileClasspath,releaseRuntimeClasspath
org.jetbrains.kotlinx:kotlinx-serialization-json:1.11.0=releaseCompileClasspath,releaseRuntimeClasspath
org.jetbrains:annotations:23.0.0=releaseCompileClasspath,releaseRuntimeClasspath
org.jspecify:jspecify:1.0.0=releaseCompileClasspath,releaseRuntimeClasspath
empty=
