# This is a Gradle generated file for dependency locking.
# Manual edits can break the build and are not advised.
# This file is expected to be part of source control.
# To regenerate this file, run: ./gradlew :data-recomposition-core:dependencies --write-locks
org.jetbrains.kotlin:kotlin-stdlib:2.4.10=compileClasspath,runtimeClasspath
org.jetbrains.kotlinx:kotlinx-serialization-bom:1.11.0=compileClasspath,runtimeClasspath
org.jetbrains.kotlinx:kotlinx-serialization-core-jvm:1.11.0=compileClasspath,runtimeClasspath
org.jetbrains.kotlinx:kotlinx-serialization-core:1.11.0=compileClasspath,runtimeClasspath
org.jetbrains.kotlinx:kotlinx-serialization-json-jvm:1.11.0=compileClasspath,runtimeClasspath
org.jetbrains.kotlinx:kotlinx-serialization-json:1.11.0=compileClasspath,runtimeClasspath
org.jetbrains:annotations:13.0=compileClasspath,runtimeClasspath
empty=
