# This is a Gradle generated file for dependency locking.
# Manual edits can break the build and are not advised.
# This file is expected to be part of source control.
# To regenerate this file, run: ./gradlew :data-keyboard-band:dependencies --write-locks
androidx.annotation:annotation-jvm:1.9.1=compileClasspath
androidx.annotation:annotation:1.9.1=compileClasspath
androidx.arch.core:core-common:2.2.0=compileClasspath
androidx.collection:collection-jvm:1.5.0=compileClasspath
androidx.collection:collection:1.5.0=compileClasspath
androidx.compose.runtime:runtime-annotation-jvm:1.11.2=compileClasspath
androidx.compose.runtime:runtime-annotation:1.11.2=compileClasspath
androidx.compose.runtime:runtime-desktop:1.11.2=compileClasspath
androidx.compose.runtime:runtime-retain-desktop:1.11.2=compileClasspath
androidx.compose.runtime:runtime-retain:1.11.2=compileClasspath
androidx.compose.runtime:runtime-saveable-desktop:1.11.2=compileClasspath
androidx.compose.runtime:runtime-saveable:1.11.2=compileClasspath
androidx.compose.runtime:runtime:1.11.2=compileClasspath
androidx.lifecycle:lifecycle-common-jvm:2.9.4=compileClasspath
androidx.lifecycle:lifecycle-common:2.9.4=compileClasspath
androidx.lifecycle:lifecycle-runtime-compose-desktop:2.9.4=compileClasspath
androidx.lifecycle:lifecycle-runtime-compose:2.9.4=compileClasspath
androidx.lifecycle:lifecycle-runtime-desktop:2.9.4=compileClasspath
androidx.lifecycle:lifecycle-runtime:2.9.4=compileClasspath
androidx.savedstate:savedstate-compose-desktop:1.4.0=compileClasspath
androidx.savedstate:savedstate-compose:1.4.0=compileClasspath
androidx.savedstate:savedstate-desktop:1.4.0=compileClasspath
androidx.savedstate:savedstate:1.4.0=compileClasspath
org.jetbrains.androidx.lifecycle:lifecycle-common:2.9.6=compileClasspath
org.jetbrains.androidx.lifecycle:lifecycle-runtime-compose-desktop:2.9.6=compileClasspath
org.jetbrains.androidx.lifecycle:lifecycle-runtime-compose:2.9.6=compileClasspath
org.jetbrains.androidx.lifecycle:lifecycle-runtime:2.9.6=compileClasspath
org.jetbrains.androidx.savedstate:savedstate-compose-desktop:1.3.6=compileClasspath
org.jetbrains.androidx.savedstate:savedstate-compose:1.3.6=compileClasspath
org.jetbrains.androidx.savedstate:savedstate:1.3.6=compileClasspath
org.jetbrains.compose.animation:animation-core-desktop:1.11.1=compileClasspath
org.jetbrains.compose.animation:animation-core:1.11.1=compileClasspath
org.jetbrains.compose.animation:animation-desktop:1.11.1=compileClasspath
org.jetbrains.compose.animation:animation:1.11.1=compileClasspath
org.jetbrains.compose.foundation:foundation-desktop:1.11.1=compileClasspath
org.jetbrains.compose.foundation:foundation-layout-desktop:1.11.1=compileClasspath
org.jetbrains.compose.foundation:foundation-layout:1.11.1=compileClasspath
org.jetbrains.compose.foundation:foundation:1.11.1=compileClasspath
org.jetbrains.compose.runtime:runtime-desktop:1.11.1=compileClasspath
org.jetbrains.compose.runtime:runtime-saveable-desktop:1.11.1=compileClasspath
org.jetbrains.compose.runtime:runtime-saveable:1.11.1=compileClasspath
org.jetbrains.compose.runtime:runtime:1.11.1=compileClasspath
org.jetbrains.compose.ui:ui-desktop:1.11.1=compileClasspath
org.jetbrains.compose.ui:ui-geometry-desktop:1.11.1=compileClasspath
org.jetbrains.compose.ui:ui-geometry:1.11.1=compileClasspath
org.jetbrains.compose.ui:ui-graphics-desktop:1.11.1=compileClasspath
org.jetbrains.compose.ui:ui-graphics:1.11.1=compileClasspath
org.jetbrains.compose.ui:ui-text-desktop:1.11.1=compileClasspath
org.jetbrains.compose.ui:ui-text:1.11.1=compileClasspath
org.jetbrains.compose.ui:ui-unit-desktop:1.11.1=compileClasspath
org.jetbrains.compose.ui:ui-unit:1.11.1=compileClasspath
org.jetbrains.compose.ui:ui-util-desktop:1.11.1=compileClasspath
org.jetbrains.compose.ui:ui-util:1.11.1=compileClasspath
org.jetbrains.compose.ui:ui:1.11.1=compileClasspath
org.jetbrains.kotlin:kotlin-stdlib:2.4.10=compileClasspath,runtimeClasspath
org.jetbrains.kotlinx:kotlinx-coroutines-bom:1.9.0=compileClasspath
org.jetbrains.kotlinx:kotlinx-coroutines-core-jvm:1.9.0=compileClasspath
org.jetbrains.kotlinx:kotlinx-coroutines-core:1.9.0=compileClasspath
org.jetbrains.kotlinx:kotlinx-serialization-bom:1.7.3=compileClasspath
org.jetbrains.kotlinx:kotlinx-serialization-core-jvm:1.7.3=compileClasspath
org.jetbrains.kotlinx:kotlinx-serialization-core:1.7.3=compileClasspath
org.jetbrains.skiko:skiko-awt:0.144.6=compileClasspath
org.jetbrains.skiko:skiko:0.144.6=compileClasspath
org.jetbrains:annotations:13.0=runtimeClasspath
org.jetbrains:annotations:23.0.0=compileClasspath
org.jspecify:jspecify:1.0.0=compileClasspath
empty=
